
Microsoft Visual Studio Solution File, Format Version 12.00
# Visual Studio Version 17
VisualStudioVersion = 17.0.31903.59
MinimumVisualStudioVersion = 10.0.40219.1
Project("{2150E333-8FDC-42A3-9474-1A3956D46DE8}") = "src", "src", "{ADF9785C-E24A-43D1-9DA9-60779A24BB31}"
EndProject
Project("{FAE04EC0-301F-11D3-BF4B-00C04F79EFBC}") = "SoloC.Compiler", "src\SoloC.Compiler\SoloC.Compiler.csproj", "{90168AAF-C9E3-4ED3-BC1D-D1A71CF5E220}"
EndProject
Project("{FAE04EC0-301F-11D3-BF4B-00C04F79EFBC}") = "SoloC.Cli", "src\SoloC.Cli\SoloC.Cli.csproj", "{E1562B7C-6C67-4B11-A11B-4A847ADACE76}"
EndProject
Project("{2150E333-8FDC-42A3-9474-1A3956D46DE8}") = "tests", "tests", "{6ACC12C6-D8EF-47DD-B638-AC573767B912}"
EndProject
Project("{FAE04EC0-301F-11D3-BF4B-00C04F79EFBC}") = "SoloC.Tests", "tests\SoloC.Tests\SoloC.Tests.csproj", "{58E9DFC5-A6AC-4221-84E4-A9C506AB8B3E}"
EndProject
Project("{FAE04EC0-301F-11D3-BF4B-00C04F79EFBC}") = "SoloC.Playground", "src\SoloC.Playground\SoloC.Playground.csproj", "{61BA54BB-D975-43D9-8EC8-40DAA33161E7}"
EndProject
Project("{FAE04EC0-301F-11D3-BF4B-00C04F79EFBC}") = "SoloHtml.Compiler", "src\SoloHtml.Compiler\SoloHtml.Compiler.csproj", "{F7E58478-2A8E-4A6B-B1E1-742427020B01}"
EndProject
Project("{FAE04EC0-301F-11D3-BF4B-00C04F79EFBC}") = "SoloHtml.Tests", "tests\SoloHtml.Tests\SoloHtml.Tests.csproj", "{EAF4F1E5-E093-4E04-B188-8D790D24739E}"
EndProject
Project("{FAE04EC0-301F-11D3-BF4B-00C04F79EFBC}") = "SoloHtml.Cli", "src\SoloHtml.Cli\SoloHtml.Cli.csproj", "{4285AC53-B530-473C-B4C5-0B2DCFC2246D}"
EndProject
Project("{FAE04EC0-301F-11D3-BF4B-00C04F79EFBC}") = "SoloHtml.Studio", "src\SoloHtml.Studio\SoloHtml.Studio.csproj", "{BCDF75E4-E08F-4FB1-B41E-1757507AEB53}"
EndProject
Project("{FAE04EC0-301F-11D3-BF4B-00C04F79EFBC}") = "SoloCss.Compiler", "src\SoloCss.Compiler\SoloCss.Compiler.csproj", "{4A1EBF43-1AD3-4BA4-886A-03E039E47F6A}"
EndProject
Project("{FAE04EC0-301F-11D3-BF4B-00C04F79EFBC}") = "SoloCss.Cli", "src\SoloCss.Cli\SoloCss.Cli.csproj", "{A25BA33A-DBCE-49E7-88FB-88DE847EDFFD}"
EndProject
Project("{FAE04EC0-301F-11D3-BF4B-00C04F79EFBC}") = "SoloCss.Studio", "src\SoloCss.Studio\SoloCss.Studio.csproj", "{A8389103-1A05-4509-AC7E-C0C30B9D42CB}"
EndProject
Project("{FAE04EC0-301F-11D3-BF4B-00C04F79EFBC}") = "SoloJs.Compiler", "src\SoloJs.Compiler\SoloJs.Compiler.csproj", "{F5474EC7-50B3-4852-86F5-2A1250738598}"
EndProject
Project("{FAE04EC0-301F-11D3-BF4B-00C04F79EFBC}") = "SoloJs.Cli", "src\SoloJs.Cli\SoloJs.Cli.csproj", "{E0D87A19-F0BF-44D1-8512-AF4445AFAE7B}"
EndProject
Project("{FAE04EC0-301F-11D3-BF4B-00C04F79EFBC}") = "SoloJs.Studio", "src\SoloJs.Studio\SoloJs.Studio.csproj", "{F8D814E3-3517-4E9F-8002-596387D286C6}"
EndProject
Project("{FAE04EC0-301F-11D3-BF4B-00C04F79EFBC}") = "SoloRust.Compiler", "src\SoloRust.Compiler\SoloRust.Compiler.csproj", "{0AFB1D76-E250-4875-872B-005BB3AAE61A}"
EndProject
Project("{FAE04EC0-301F-11D3-BF4B-00C04F79EFBC}") = "SoloRust.Cli", "src\SoloRust.Cli\SoloRust.Cli.csproj", "{252B1AFE-05D6-4A20-85D3-884D3FBDA300}"
EndProject
Project("{FAE04EC0-301F-11D3-BF4B-00C04F79EFBC}") = "SoloRust.Studio", "src\SoloRust.Studio\SoloRust.Studio.csproj", "{FC9C7CC2-9E31-44E2-9D0D-B1F8BB3AD815}"
EndProject
Project("{FAE04EC0-301F-11D3-BF4B-00C04F79EFBC}") = "SoloCss.Tests", "tests\SoloCss.Tests\SoloCss.Tests.csproj", "{DD22246C-E727-4918-ACD8-255F709F1A6B}"
EndProject
Project("{FAE04EC0-301F-11D3-BF4B-00C04F79EFBC}") = "SoloJs.Tests", "tests\SoloJs.Tests\SoloJs.Tests.csproj", "{D558C8C5-FCC9-45E5-8A6C-C556AAE1A339}"
EndProject
Project("{FAE04EC0-301F-11D3-BF4B-00C04F79EFBC}") = "SoloRust.Tests", "tests\SoloRust.Tests\SoloRust.Tests.csproj", "{BA777CA2-E502-4CA8-BEBD-ADBD0C71036A}"
EndProject
Project("{FAE04EC0-301F-11D3-BF4B-00C04F79EFBC}") = "SoloPage.Compiler", "src\SoloPage.Compiler\SoloPage.Compiler.csproj", "{B9D4F22F-9B85-4D96-9AFF-825F27C7C13E}"
EndProject
Project("{FAE04EC0-301F-11D3-BF4B-00C04F79EFBC}") = "SoloPage.Cli", "src\SoloPage.Cli\SoloPage.Cli.csproj", "{92D69C4F-F57E-4B2F-99E5-851ECC4691A2}"
EndProject
Project("{FAE04EC0-301F-11D3-BF4B-00C04F79EFBC}") = "Solo5.Hub", "src\Solo5.Hub\Solo5.Hub.csproj", "{F759A9DF-48DE-419C-A7B2-D5F38F87AF20}"
EndProject
Project("{FAE04EC0-301F-11D3-BF4B-00C04F79EFBC}") = "SoloPage.Tests", "tests\SoloPage.Tests\SoloPage.Tests.csproj", "{514E1DC1-FB32-4083-9712-5FEA05FBD7D5}"
EndProject
Global
	GlobalSection(SolutionConfigurationPlatforms) = preSolution
		Debug|Any CPU = Debug|Any CPU
		Release|Any CPU = Release|Any CPU
	EndGlobalSection
	GlobalSection(SolutionProperties) = preSolution
		HideSolutionNode = FALSE
	EndGlobalSection
	GlobalSection(ProjectConfigurationPlatforms) = postSolution
		{90168AAF-C9E3-4ED3-BC1D-D1A71CF5E220}.Debug|Any CPU.ActiveCfg = Debug|Any CPU
		{90168AAF-C9E3-4ED3-BC1D-D1A71CF5E220}.Debug|Any CPU.Build.0 = Debug|Any CPU
		{90168AAF-C9E3-4ED3-BC1D-D1A71CF5E220}.Release|Any CPU.ActiveCfg = Release|Any CPU
		{90168AAF-C9E3-4ED3-BC1D-D1A71CF5E220}.Release|Any CPU.Build.0 = Release|Any CPU
		{E1562B7C-6C67-4B11-A11B-4A847ADACE76}.Debug|Any CPU.ActiveCfg = Debug|Any CPU
		{E1562B7C-6C67-4B11-A11B-4A847ADACE76}.Debug|Any CPU.Build.0 = Debug|Any CPU
		{E1562B7C-6C67-4B11-A11B-4A847ADACE76}.Release|Any CPU.ActiveCfg = Release|Any CPU
		{E1562B7C-6C67-4B11-A11B-4A847ADACE76}.Release|Any CPU.Build.0 = Release|Any CPU
		{58E9DFC5-A6AC-4221-84E4-A9C506AB8B3E}.Debug|Any CPU.ActiveCfg = Debug|Any CPU
		{58E9DFC5-A6AC-4221-84E4-A9C506AB8B3E}.Debug|Any CPU.Build.0 = Debug|Any CPU
		{58E9DFC5-A6AC-4221-84E4-A9C506AB8B3E}.Release|Any CPU.ActiveCfg = Release|Any CPU
		{58E9DFC5-A6AC-4221-84E4-A9C506AB8B3E}.Release|Any CPU.Build.0 = Release|Any CPU
		{61BA54BB-D975-43D9-8EC8-40DAA33161E7}.Debug|Any CPU.ActiveCfg = Debug|Any CPU
		{61BA54BB-D975-43D9-8EC8-40DAA33161E7}.Debug|Any CPU.Build.0 = Debug|Any CPU
		{61BA54BB-D975-43D9-8EC8-40DAA33161E7}.Release|Any CPU.ActiveCfg = Release|Any CPU
		{61BA54BB-D975-43D9-8EC8-40DAA33161E7}.Release|Any CPU.Build.0 = Release|Any CPU
		{F7E58478-2A8E-4A6B-B1E1-742427020B01}.Debug|Any CPU.ActiveCfg = Debug|Any CPU
		{F7E58478-2A8E-4A6B-B1E1-742427020B01}.Debug|Any CPU.Build.0 = Debug|Any CPU
		{F7E58478-2A8E-4A6B-B1E1-742427020B01}.Release|Any CPU.ActiveCfg = Release|Any CPU
		{F7E58478-2A8E-4A6B-B1E1-742427020B01}.Release|Any CPU.Build.0 = Release|Any CPU
		{EAF4F1E5-E093-4E04-B188-8D790D24739E}.Debug|Any CPU.ActiveCfg = Debug|Any CPU
		{EAF4F1E5-E093-4E04-B188-8D790D24739E}.Debug|Any CPU.Build.0 = Debug|Any CPU
		{EAF4F1E5-E093-4E04-B188-8D790D24739E}.Release|Any CPU.ActiveCfg = Release|Any CPU
		{EAF4F1E5-E093-4E04-B188-8D790D24739E}.Release|Any CPU.Build.0 = Release|Any CPU
		{4285AC53-B530-473C-B4C5-0B2DCFC2246D}.Debug|Any CPU.ActiveCfg = Debug|Any CPU
		{4285AC53-B530-473C-B4C5-0B2DCFC2246D}.Debug|Any CPU.Build.0 = Debug|Any CPU
		{4285AC53-B530-473C-B4C5-0B2DCFC2246D}.Release|Any CPU.ActiveCfg = Release|Any CPU
		{4285AC53-B530-473C-B4C5-0B2DCFC2246D}.Release|Any CPU.Build.0 = Release|Any CPU
		{BCDF75E4-E08F-4FB1-B41E-1757507AEB53}.Debug|Any CPU.ActiveCfg = Debug|Any CPU
		{BCDF75E4-E08F-4FB1-B41E-1757507AEB53}.Debug|Any CPU.Build.0 = Debug|Any CPU
		{BCDF75E4-E08F-4FB1-B41E-1757507AEB53}.Release|Any CPU.ActiveCfg = Release|Any CPU
		{BCDF75E4-E08F-4FB1-B41E-1757507AEB53}.Release|Any CPU.Build.0 = Release|Any CPU
		{4A1EBF43-1AD3-4BA4-886A-03E039E47F6A}.Debug|Any CPU.ActiveCfg = Debug|Any CPU
		{4A1EBF43-1AD3-4BA4-886A-03E039E47F6A}.Debug|Any CPU.Build.0 = Debug|Any CPU
		{4A1EBF43-1AD3-4BA4-886A-03E039E47F6A}.Release|Any CPU.ActiveCfg = Release|Any CPU
		{4A1EBF43-1AD3-4BA4-886A-03E039E47F6A}.Release|Any CPU.Build.0 = Release|Any CPU
		{A25BA33A-DBCE-49E7-88FB-88DE847EDFFD}.Debug|Any CPU.ActiveCfg = Debug|Any CPU
		{A25BA33A-DBCE-49E7-88FB-88DE847EDFFD}.Debug|Any CPU.Build.0 = Debug|Any CPU
		{A25BA33A-DBCE-49E7-88FB-88DE847EDFFD}.Release|Any CPU.ActiveCfg = Release|Any CPU
		{A25BA33A-DBCE-49E7-88FB-88DE847EDFFD}.Release|Any CPU.Build.0 = Release|Any CPU
		{A8389103-1A05-4509-AC7E-C0C30B9D42CB}.Debug|Any CPU.ActiveCfg = Debug|Any CPU
		{A8389103-1A05-4509-AC7E-C0C30B9D42CB}.Debug|Any CPU.Build.0 = Debug|Any CPU
		{A8389103-1A05-4509-AC7E-C0C30B9D42CB}.Release|Any CPU.ActiveCfg = Release|Any CPU
		{A8389103-1A05-4509-AC7E-C0C30B9D42CB}.Release|Any CPU.Build.0 = Release|Any CPU
		{F5474EC7-50B3-4852-86F5-2A1250738598}.Debug|Any CPU.ActiveCfg = Debug|Any CPU
		{F5474EC7-50B3-4852-86F5-2A1250738598}.Debug|Any CPU.Build.0 = Debug|Any CPU
		{F5474EC7-50B3-4852-86F5-2A1250738598}.Release|Any CPU.ActiveCfg = Release|Any CPU
		{F5474EC7-50B3-4852-86F5-2A1250738598}.Release|Any CPU.Build.0 = Release|Any CPU
		{E0D87A19-F0BF-44D1-8512-AF4445AFAE7B}.Debug|Any CPU.ActiveCfg = Debug|Any CPU
		{E0D87A19-F0BF-44D1-8512-AF4445AFAE7B}.Debug|Any CPU.Build.0 = Debug|Any CPU
		{E0D87A19-F0BF-44D1-8512-AF4445AFAE7B}.Release|Any CPU.ActiveCfg = Release|Any CPU
		{E0D87A19-F0BF-44D1-8512-AF4445AFAE7B}.Release|Any CPU.Build.0 = Release|Any CPU
		{F8D814E3-3517-4E9F-8002-596387D286C6}.Debug|Any CPU.ActiveCfg = Debug|Any CPU
		{F8D814E3-3517-4E9F-8002-596387D286C6}.Debug|Any CPU.Build.0 = Debug|Any CPU
		{F8D814E3-3517-4E9F-8002-596387D286C6}.Release|Any CPU.ActiveCfg = Release|Any CPU
		{F8D814E3-3517-4E9F-8002-596387D286C6}.Release|Any CPU.Build.0 = Release|Any CPU
		{0AFB1D76-E250-4875-872B-005BB3AAE61A}.Debug|Any CPU.ActiveCfg = Debug|Any CPU
		{0AFB1D76-E250-4875-872B-005BB3AAE61A}.Debug|Any CPU.Build.0 = Debug|Any CPU
		{0AFB1D76-E250-4875-872B-005BB3AAE61A}.Release|Any CPU.ActiveCfg = Release|Any CPU
		{0AFB1D76-E250-4875-872B-005BB3AAE61A}.Release|Any CPU.Build.0 = Release|Any CPU
		{252B1AFE-05D6-4A20-85D3-884D3FBDA300}.Debug|Any CPU.ActiveCfg = Debug|Any CPU
		{252B1AFE-05D6-4A20-85D3-884D3FBDA300}.Debug|Any CPU.Build.0 = Debug|Any CPU
		{252B1AFE-05D6-4A20-85D3-884D3FBDA300}.Release|Any CPU.ActiveCfg = Release|Any CPU
		{252B1AFE-05D6-4A20-85D3-884D3FBDA300}.Release|Any CPU.Build.0 = Release|Any CPU
		{FC9C7CC2-9E31-44E2-9D0D-B1F8BB3AD815}.Debug|Any CPU.ActiveCfg = Debug|Any CPU
		{FC9C7CC2-9E31-44E2-9D0D-B1F8BB3AD815}.Debug|Any CPU.Build.0 = Debug|Any CPU
		{FC9C7CC2-9E31-44E2-9D0D-B1F8BB3AD815}.Release|Any CPU.ActiveCfg = Release|Any CPU
		{FC9C7CC2-9E31-44E2-9D0D-B1F8BB3AD815}.Release|Any CPU.Build.0 = Release|Any CPU
		{DD22246C-E727-4918-ACD8-255F709F1A6B}.Debug|Any CPU.ActiveCfg = Debug|Any CPU
		{DD22246C-E727-4918-ACD8-255F709F1A6B}.Debug|Any CPU.Build.0 = Debug|Any CPU
		{DD22246C-E727-4918-ACD8-255F709F1A6B}.Release|Any CPU.ActiveCfg = Release|Any CPU
		{DD22246C-E727-4918-ACD8-255F709F1A6B}.Release|Any CPU.Build.0 = Release|Any CPU
		{D558C8C5-FCC9-45E5-8A6C-C556AAE1A339}.Debug|Any CPU.ActiveCfg = Debug|Any CPU
		{D558C8C5-FCC9-45E5-8A6C-C556AAE1A339}.Debug|Any CPU.Build.0 = Debug|Any CPU
		{D558C8C5-FCC9-45E5-8A6C-C556AAE1A339}.Release|Any CPU.ActiveCfg = Release|Any CPU
		{D558C8C5-FCC9-45E5-8A6C-C556AAE1A339}.Release|Any CPU.Build.0 = Release|Any CPU
		{BA777CA2-E502-4CA8-BEBD-ADBD0C71036A}.Debug|Any CPU.ActiveCfg = Debug|Any CPU
		{BA777CA2-E502-4CA8-BEBD-ADBD0C71036A}.Debug|Any CPU.Build.0 = Debug|Any CPU
		{BA777CA2-E502-4CA8-BEBD-ADBD0C71036A}.Release|Any CPU.ActiveCfg = Release|Any CPU
		{BA777CA2-E502-4CA8-BEBD-ADBD0C71036A}.Release|Any CPU.Build.0 = Release|Any CPU
		{B9D4F22F-9B85-4D96-9AFF-825F27C7C13E}.Debug|Any CPU.ActiveCfg = Debug|Any CPU
		{B9D4F22F-9B85-4D96-9AFF-825F27C7C13E}.Debug|Any CPU.Build.0 = Debug|Any CPU
		{B9D4F22F-9B85-4D96-9AFF-825F27C7C13E}.Release|Any CPU.ActiveCfg = Release|Any CPU
		{B9D4F22F-9B85-4D96-9AFF-825F27C7C13E}.Release|Any CPU.Build.0 = Release|Any CPU
		{92D69C4F-F57E-4B2F-99E5-851ECC4691A2}.Debug|Any CPU.ActiveCfg = Debug|Any CPU
		{92D69C4F-F57E-4B2F-99E5-851ECC4691A2}.Debug|Any CPU.Build.0 = Debug|Any CPU
		{92D69C4F-F57E-4B2F-99E5-851ECC4691A2}.Release|Any CPU.ActiveCfg = Release|Any CPU
		{92D69C4F-F57E-4B2F-99E5-851ECC4691A2}.Release|Any CPU.Build.0 = Release|Any CPU
		{F759A9DF-48DE-419C-A7B2-D5F38F87AF20}.Debug|Any CPU.ActiveCfg = Debug|Any CPU
		{F759A9DF-48DE-419C-A7B2-D5F38F87AF20}.Debug|Any CPU.Build.0 = Debug|Any CPU
		{F759A9DF-48DE-419C-A7B2-D5F38F87AF20}.Release|Any CPU.ActiveCfg = Release|Any CPU
		{F759A9DF-48DE-419C-A7B2-D5F38F87AF20}.Release|Any CPU.Build.0 = Release|Any CPU
		{514E1DC1-FB32-4083-9712-5FEA05FBD7D5}.Debug|Any CPU.ActiveCfg = Debug|Any CPU
		{514E1DC1-FB32-4083-9712-5FEA05FBD7D5}.Debug|Any CPU.Build.0 = Debug|Any CPU
		{514E1DC1-FB32-4083-9712-5FEA05FBD7D5}.Release|Any CPU.ActiveCfg = Release|Any CPU
		{514E1DC1-FB32-4083-9712-5FEA05FBD7D5}.Release|Any CPU.Build.0 = Release|Any CPU
	EndGlobalSection
	GlobalSection(NestedProjects) = preSolution
		{90168AAF-C9E3-4ED3-BC1D-D1A71CF5E220} = {ADF9785C-E24A-43D1-9DA9-60779A24BB31}
		{E1562B7C-6C67-4B11-A11B-4A847ADACE76} = {ADF9785C-E24A-43D1-9DA9-60779A24BB31}
		{58E9DFC5-A6AC-4221-84E4-A9C506AB8B3E} = {6ACC12C6-D8EF-47DD-B638-AC573767B912}
		{61BA54BB-D975-43D9-8EC8-40DAA33161E7} = {ADF9785C-E24A-43D1-9DA9-60779A24BB31}
		{F7E58478-2A8E-4A6B-B1E1-742427020B01} = {ADF9785C-E24A-43D1-9DA9-60779A24BB31}
		{EAF4F1E5-E093-4E04-B188-8D790D24739E} = {6ACC12C6-D8EF-47DD-B638-AC573767B912}
		{4285AC53-B530-473C-B4C5-0B2DCFC2246D} = {ADF9785C-E24A-43D1-9DA9-60779A24BB31}
		{BCDF75E4-E08F-4FB1-B41E-1757507AEB53} = {ADF9785C-E24A-43D1-9DA9-60779A24BB31}
		{4A1EBF43-1AD3-4BA4-886A-03E039E47F6A} = {ADF9785C-E24A-43D1-9DA9-60779A24BB31}
		{A25BA33A-DBCE-49E7-88FB-88DE847EDFFD} = {ADF9785C-E24A-43D1-9DA9-60779A24BB31}
		{A8389103-1A05-4509-AC7E-C0C30B9D42CB} = {ADF9785C-E24A-43D1-9DA9-60779A24BB31}
		{F5474EC7-50B3-4852-86F5-2A1250738598} = {ADF9785C-E24A-43D1-9DA9-60779A24BB31}
		{E0D87A19-F0BF-44D1-8512-AF4445AFAE7B} = {ADF9785C-E24A-43D1-9DA9-60779A24BB31}
		{F8D814E3-3517-4E9F-8002-596387D286C6} = {ADF9785C-E24A-43D1-9DA9-60779A24BB31}
		{0AFB1D76-E250-4875-872B-005BB3AAE61A} = {ADF9785C-E24A-43D1-9DA9-60779A24BB31}
		{252B1AFE-05D6-4A20-85D3-884D3FBDA300} = {ADF9785C-E24A-43D1-9DA9-60779A24BB31}
		{FC9C7CC2-9E31-44E2-9D0D-B1F8BB3AD815} = {ADF9785C-E24A-43D1-9DA9-60779A24BB31}
		{DD22246C-E727-4918-ACD8-255F709F1A6B} = {6ACC12C6-D8EF-47DD-B638-AC573767B912}
		{D558C8C5-FCC9-45E5-8A6C-C556AAE1A339} = {6ACC12C6-D8EF-47DD-B638-AC573767B912}
		{BA777CA2-E502-4CA8-BEBD-ADBD0C71036A} = {6ACC12C6-D8EF-47DD-B638-AC573767B912}
		{B9D4F22F-9B85-4D96-9AFF-825F27C7C13E} = {ADF9785C-E24A-43D1-9DA9-60779A24BB31}
		{92D69C4F-F57E-4B2F-99E5-851ECC4691A2} = {ADF9785C-E24A-43D1-9DA9-60779A24BB31}
		{F759A9DF-48DE-419C-A7B2-D5F38F87AF20} = {ADF9785C-E24A-43D1-9DA9-60779A24BB31}
		{514E1DC1-FB32-4083-9712-5FEA05FBD7D5} = {6ACC12C6-D8EF-47DD-B638-AC573767B912}
	EndGlobalSection
EndGlobal
